
Microsoft Visual Studio Solution File, Format Version 12.00
# Visual Studio Version 17
VisualStudioVersion = 17.11.35327.3
MinimumVisualStudioVersion = 10.0.40219.1
Project("{FAE04EC0-301F-11D3-BF4B-00C04F79EFBC}") = "Лабораторна робота 3 ООП Завдання 2 (1 семестр)", "Лабораторна робота 3 ООП Завдання 2 (1 семестр)\Лабораторна робота 3 ООП Завдання 2 (1 семестр).csproj", "{A7E34269-CDF3-4632-B2BF-179E86CDA4FC}"
EndProject
Global
	GlobalSection(SolutionConfigurationPlatforms) = preSolution
		Debug|Any CPU = Debug|Any CPU
		Release|Any CPU = Release|Any CPU
	EndGlobalSection
	GlobalSection(ProjectConfigurationPlatforms) = postSolution
		{A7E34269-CDF3-4632-B2BF-179E86CDA4FC}.Debug|Any CPU.ActiveCfg = Debug|Any CPU
		{A7E34269-CDF3-4632-B2BF-179E86CDA4FC}.Debug|Any CPU.Build.0 = Debug|Any CPU
		{A7E34269-CDF3-4632-B2BF-179E86CDA4FC}.Release|Any CPU.ActiveCfg = Release|Any CPU
		{A7E34269-CDF3-4632-B2BF-179E86CDA4FC}.Release|Any CPU.Build.0 = Release|Any CPU
	EndGlobalSection
	GlobalSection(SolutionProperties) = preSolution
		HideSolutionNode = FALSE
	EndGlobalSection
	GlobalSection(ExtensibilityGlobals) = postSolution
		SolutionGuid = {E5ABDF08-4487-4094-9F28-A7A99A794649}
	EndGlobalSection
EndGlobal
